
Microsoft Visual Studio Solution File, Format Version 12.00
# Visual Studio Version 17
VisualStudioVersion = 17.3.32922.545
MinimumVisualStudioVersion = 10.0.40219.1
Project("{FAE04EC0-301F-11D3-BF4B-00C04F79EFBC}") = "Exersise4-2", "Exersise4-2\Exersise4-2.csproj", "{BDD503E4-A3FB-47B0-8AA6-78C2C5ADC791}"
EndProject
Global
	GlobalSection(SolutionConfigurationPlatforms) = preSolution
		Debug|Any CPU = Debug|Any CPU
		Release|Any CPU = Release|Any CPU
	EndGlobalSection
	GlobalSection(ProjectConfigurationPlatforms) = postSolution
		{BDD503E4-A3FB-47B0-8AA6-78C2C5ADC791}.Debug|Any CPU.ActiveCfg = Debug|Any CPU
		{BDD503E4-A3FB-47B0-8AA6-78C2C5ADC791}.Debug|Any CPU.Build.0 = Debug|Any CPU
		{BDD503E4-A3FB-47B0-8AA6-78C2C5ADC791}.Release|Any CPU.ActiveCfg = Release|Any CPU
		{BDD503E4-A3FB-47B0-8AA6-78C2C5ADC791}.Release|Any CPU.Build.0 = Release|Any CPU
	EndGlobalSection
	GlobalSection(SolutionProperties) = preSolution
		HideSolutionNode = FALSE
	EndGlobalSection
	GlobalSection(ExtensibilityGlobals) = postSolution
		SolutionGuid = {BB25B7BC-C591-464A-8EF6-2E94D986A752}
	EndGlobalSection
EndGlobal
